
Microsoft Visual Studio Solution File, Format Version 12.00
# Visual Studio Version 17
VisualStudioVersion = 17.5.2.0
MinimumVisualStudioVersion = 10.0.40219.1
Project("{2150E333-8FDC-42A3-9474-1A3956D46DE8}") = "March_10_2026", "March_10_2026", "{8E91D3F9-6643-5310-DD7C-A253A2276CBC}"
EndProject
Project("{2150E333-8FDC-42A3-9474-1A3956D46DE8}") = "04-AgentFramework-OpenAI", "04-AgentFramework-OpenAI", "{9F1D174B-24C9-48DC-8C65-4DCD500908A8}"
EndProject
Project("{FAE04EC0-301F-11D3-BF4B-00C04F79EFBC}") = "OpenAIHelloWorld", "March_10_2026\04-AgentFramework-OpenAI\OpenAIHelloWorld\OpenAIHelloWorld.csproj", "{36A6DE4A-FD4A-ED50-0EED-0B390E2EC5B2}"
EndProject
Project("{FAE04EC0-301F-11D3-BF4B-00C04F79EFBC}") = "AzureOpenAIHelloWorld", "March_10_2026\05-AgentFramework-AzureOpenAI\AzureOpenAIHelloWorld\AzureOpenAIHelloWorld.csproj", "{CA3E0BC1-FD8E-4E35-B786-B8553BCB003B}"
EndProject
Project("{FAE04EC0-301F-11D3-BF4B-00C04F79EFBC}") = "AnthropicHelloWorld", "March_10_2026\06-AgentFramework-Anthropic\AnthropicHelloWorld\AnthropicHelloWorld.csproj", "{718AA569-20FB-496E-A2D6-CD84D5A7AF18}"
EndProject
Project("{FAE04EC0-301F-11D3-BF4B-00C04F79EFBC}") = "GeminiHelloWorld", "March_10_2026\07-AgentFramework-Google\GeminiHelloWorld\GeminiHelloWorld.csproj", "{0DFF4502-A4E6-4504-9146-C221A1FAAFEB}"
EndProject
Project("{2150E333-8FDC-42A3-9474-1A3956D46DE8}") = "March_17_2026", "March_17_2026", "{3EF50B49-F759-C5B2-88A2-ECD07D3E2814}"
EndProject
Project("{FAE04EC0-301F-11D3-BF4B-00C04F79EFBC}") = "Grok4HelloWorld", "March_17_2026\08-AgentFramework-xAI\Grok4HelloWorld\Grok4HelloWorld.csproj", "{18C4699E-5EDA-4547-BA75-7B6C6C2DE687}"
EndProject
Project("{FAE04EC0-301F-11D3-BF4B-00C04F79EFBC}") = "MistralHelloWorld", "March_17_2026\09-AgentFramework-Mistral\MistralHelloWorld\MistralHelloWorld.csproj", "{DEA16131-8732-47D2-B276-035F091F6E21}"
EndProject
Project("{FAE04EC0-301F-11D3-BF4B-00C04F79EFBC}") = "FoundryHelloWorld", "March_17_2026\10-AgentFramework-Foundry\FoundryHelloWorld\FoundryHelloWorld.csproj", "{9B0D1D65-179C-47E9-BB61-438E2A036B76}"
EndProject
Project("{FAE04EC0-301F-11D3-BF4B-00C04F79EFBC}") = "ChatConversation", "March_17_2026\14-ChatConversation\ChatConversation\ChatConversation.csproj", "{CC7F3196-B6C4-41B3-98D8-60188AEC5BE9}"
EndProject
Project("{FAE04EC0-301F-11D3-BF4B-00C04F79EFBC}") = "OllamaHelloWorld", "March_17_2026\11-AgentFramework-OllamaAI\OllamaHelloWorld\OllamaHelloWorld.csproj", "{4B28A325-5907-476B-867F-8A377BEA50E3}"
EndProject
Project("{FAE04EC0-301F-11D3-BF4B-00C04F79EFBC}") = "FoundryLocalHelloWorld", "March_17_2026\12-AgentFramework-FoundryLocal\FoundryLocalHelloWorld\FoundryLocalHelloWorld.csproj", "{A584DDF5-32B4-4FBC-9DEA-FE2914871642}"
EndProject
Project("{FAE04EC0-301F-11D3-BF4B-00C04F79EFBC}") = "StreamingResponse", "March_17_2026\13-StreamingResponse\StreamingResponse\StreamingResponse.csproj", "{9455A059-2B6B-4564-9B19-FD60B934D478}"
EndProject
Project("{2150E333-8FDC-42A3-9474-1A3956D46DE8}") = "March_24_2026", "March_24_2026", "{1F03BFE5-AF94-28A2-7119-43DEEC46D212}"
EndProject
Project("{FAE04EC0-301F-11D3-BF4B-00C04F79EFBC}") = "SimpleAgent", "March_24_2026\15-SimpleAgent\SimpleAgent\SimpleAgent.csproj", "{6CC0B9FA-434C-4844-8FC8-C127344077E5}"
EndProject
Project("{FAE04EC0-301F-11D3-BF4B-00C04F79EFBC}") = "01-FunctionCalls", "March_24_2026\16-FunctionCalls\01-FunctionCalls.csproj", "{53ED09E0-B7FC-41B4-B3BA-E3F5A7B005C7}"
EndProject
Project("{FAE04EC0-301F-11D3-BF4B-00C04F79EFBC}") = "02-CodeInterpreterTool", "March_24_2026\17-CodeInterpreterTool\02-CodeInterpreterTool.csproj", "{D16E3940-0575-4E7B-904D-0246DE5A38B9}"
EndProject
Project("{FAE04EC0-301F-11D3-BF4B-00C04F79EFBC}") = "03-WebSearchTool", "March_24_2026\18-WebSearchTool\03-WebSearchTool.csproj", "{F3775D6A-04B7-41C1-B3E6-C4D8200D35A5}"
EndProject
Project("{FAE04EC0-301F-11D3-BF4B-00C04F79EFBC}") = "04-MCPCalls", "March_24_2026\19-MCPCalls\04-MCPCalls.csproj", "{1337D1F7-0B0C-49D6-8153-AEE90D67DC17}"
EndProject
Project("{FAE04EC0-301F-11D3-BF4B-00C04F79EFBC}") = "05-AgentAsTool", "March_24_2026\20-AgentAsTool\05-AgentAsTool.csproj", "{D86FC5B7-A4D7-4F64-B1AF-E140759B32BB}"
EndProject
Project("{FAE04EC0-301F-11D3-BF4B-00C04F79EFBC}") = "SimpleStructureOutput", "March_24_2026\21-SimpleStructureOutput\SimpleStructureOutput.csproj", "{C9150240-7E32-4465-9B00-21C5E51A1D0C}"
EndProject
Project("{2150E333-8FDC-42A3-9474-1A3956D46DE8}") = "March_31_2026", "March_31_2026", "{8A62E642-3738-72EF-38A2-CA6CA354DC2F}"
EndProject
Project("{FAE04EC0-301F-11D3-BF4B-00C04F79EFBC}") = "EmbeddingDemo", "March_31_2026\22-Embedding\EmbeddingDemo\EmbeddingDemo.csproj", "{DC98D8CA-EAD5-426E-9761-1849ED51FC9F}"
EndProject
Project("{FAE04EC0-301F-11D3-BF4B-00C04F79EFBC}") = "VectorStoreDemo", "March_31_2026\23-VectorStore\VectorStoreDemo\VectorStoreDemo.csproj", "{8AE3AF4C-3A80-445C-BE22-AF9E0D1BA182}"
EndProject
Project("{FAE04EC0-301F-11D3-BF4B-00C04F79EFBC}") = "SemanticSearchDemo", "March_31_2026\24-SemanticSearch\SemanticSearchDemo\SemanticSearchDemo.csproj", "{B331025B-1308-4149-ACF5-354F3F38CD7E}"
EndProject
Project("{FAE04EC0-301F-11D3-BF4B-00C04F79EFBC}") = "AgenticRagDemo", "March_31_2026\25-AgenticRagTool\AgenticRagDemo\AgenticRagDemo.csproj", "{73126FCE-A2D2-4F13-9506-470E8B36BEFB}"
EndProject
Project("{FAE04EC0-301F-11D3-BF4B-00C04F79EFBC}") = "ReasoningEffortDemo", "March_31_2026\26-ReasoningEffort\ReasoningEffortDemo\ReasoningEffortDemo.csproj", "{61CEA9C1-B5B8-45C4-AC44-0CB9ADD87360}"
EndProject
Project("{FAE04EC0-301F-11D3-BF4B-00C04F79EFBC}") = "ModalImageDemo", "March_31_2026\27-ModalImage\ModalImageDemo\ModalImageDemo.csproj", "{8F699ADA-0EEA-47C2-B2C4-359B94F1EC15}"
EndProject
Project("{FAE04EC0-301F-11D3-BF4B-00C04F79EFBC}") = "ModalPDFDemo", "March_31_2026\28-ModalPDF\ModalPDFDemo\ModalPDFDemo.csproj", "{93515F3C-DDF2-409A-A06F-70338C59887C}"
EndProject
Project("{FAE04EC0-301F-11D3-BF4B-00C04F79EFBC}") = "ContextProviderDemo", "March_31_2026\29-ContextProvider\ContextProviderDemo\ContextProviderDemo.csproj", "{6D861D4E-3401-40E1-9FCE-52A6C101B0E9}"
EndProject
Project("{2150E333-8FDC-42A3-9474-1A3956D46DE8}") = "April_7_2026", "April_7_2026", "{ED644C63-C028-491A-688C-21F4832B874B}"
EndProject
Project("{FAE04EC0-301F-11D3-BF4B-00C04F79EFBC}") = "CosmosDBMemoryDemo", "April_7_2026\30-CosmosDBMemory\CosmosDBMemoryDemo\CosmosDBMemoryDemo.csproj", "{ECF3EDFC-4B31-4B95-ABE7-E1F76844083D}"
EndProject
Project("{FAE04EC0-301F-11D3-BF4B-00C04F79EFBC}") = "SemanticCacheDemo", "April_7_2026\31-SemanticCache\SemanticCacheDemo\SemanticCacheDemo.csproj", "{53222F39-66B4-429F-9876-FE1E4BE5885D}"
EndProject
Project("{FAE04EC0-301F-11D3-BF4B-00C04F79EFBC}") = "AGUIServereDemo", "April_7_2026\32-AGUIServerDemo\AGUIServereDemo.csproj", "{7A01AE36-AE6F-44EE-B5B6-B7C6FC56B8C1}"
EndProject
Project("{FAE04EC0-301F-11D3-BF4B-00C04F79EFBC}") = "AGUIClientDemo", "April_7_2026\33-AGUIClientDemo\AGUIClientDemo.csproj", "{5B2B6054-1BCB-4135-B0E1-F4B6C59ECE10}"
EndProject
Project("{FAE04EC0-301F-11D3-BF4B-00C04F79EFBC}") = "DevUIDemo", "April_7_2026\34-DevUIDemo\DevUIDemo\DevUIDemo.csproj", "{9E6C1313-AF90-4D26-B185-734833939643}"
EndProject
Project("{FAE04EC0-301F-11D3-BF4B-00C04F79EFBC}") = "OpenTelemetryDemo", "April_7_2026\35-OpenTelemetryDemo\OpenTelemetryDemo.csproj", "{79F6699F-EDFE-4EDB-B27C-530A1FDD4888}"
EndProject
Global
	GlobalSection(SolutionConfigurationPlatforms) = preSolution
		Debug|Any CPU = Debug|Any CPU
		Debug|x64 = Debug|x64
		Debug|x86 = Debug|x86
		Release|Any CPU = Release|Any CPU
		Release|x64 = Release|x64
		Release|x86 = Release|x86
	EndGlobalSection
	GlobalSection(ProjectConfigurationPlatforms) = postSolution
		{36A6DE4A-FD4A-ED50-0EED-0B390E2EC5B2}.Debug|Any CPU.ActiveCfg = Debug|Any CPU
		{36A6DE4A-FD4A-ED50-0EED-0B390E2EC5B2}.Debug|Any CPU.Build.0 = Debug|Any CPU
		{36A6DE4A-FD4A-ED50-0EED-0B390E2EC5B2}.Debug|x64.ActiveCfg = Debug|Any CPU
		{36A6DE4A-FD4A-ED50-0EED-0B390E2EC5B2}.Debug|x64.Build.0 = Debug|Any CPU
		{36A6DE4A-FD4A-ED50-0EED-0B390E2EC5B2}.Debug|x86.ActiveCfg = Debug|Any CPU
		{36A6DE4A-FD4A-ED50-0EED-0B390E2EC5B2}.Debug|x86.Build.0 = Debug|Any CPU
		{36A6DE4A-FD4A-ED50-0EED-0B390E2EC5B2}.Release|Any CPU.ActiveCfg = Release|Any CPU
		{36A6DE4A-FD4A-ED50-0EED-0B390E2EC5B2}.Release|Any CPU.Build.0 = Release|Any CPU
		{36A6DE4A-FD4A-ED50-0EED-0B390E2EC5B2}.Release|x64.ActiveCfg = Release|Any CPU
		{36A6DE4A-FD4A-ED50-0EED-0B390E2EC5B2}.Release|x64.Build.0 = Release|Any CPU
		{36A6DE4A-FD4A-ED50-0EED-0B390E2EC5B2}.Release|x86.ActiveCfg = Release|Any CPU
		{36A6DE4A-FD4A-ED50-0EED-0B390E2EC5B2}.Release|x86.Build.0 = Release|Any CPU
		{CA3E0BC1-FD8E-4E35-B786-B8553BCB003B}.Debug|Any CPU.ActiveCfg = Debug|Any CPU
		{CA3E0BC1-FD8E-4E35-B786-B8553BCB003B}.Debug|Any CPU.Build.0 = Debug|Any CPU
		{CA3E0BC1-FD8E-4E35-B786-B8553BCB003B}.Debug|x64.ActiveCfg = Debug|Any CPU
		{CA3E0BC1-FD8E-4E35-B786-B8553BCB003B}.Debug|x64.Build.0 = Debug|Any CPU
		{CA3E0BC1-FD8E-4E35-B786-B8553BCB003B}.Debug|x86.ActiveCfg = Debug|Any CPU
		{CA3E0BC1-FD8E-4E35-B786-B8553BCB003B}.Debug|x86.Build.0 = Debug|Any CPU
		{CA3E0BC1-FD8E-4E35-B786-B8553BCB003B}.Release|Any CPU.ActiveCfg = Release|Any CPU
		{CA3E0BC1-FD8E-4E35-B786-B8553BCB003B}.Release|Any CPU.Build.0 = Release|Any CPU
		{CA3E0BC1-FD8E-4E35-B786-B8553BCB003B}.Release|x64.ActiveCfg = Release|Any CPU
		{CA3E0BC1-FD8E-4E35-B786-B8553BCB003B}.Release|x64.Build.0 = Release|Any CPU
		{CA3E0BC1-FD8E-4E35-B786-B8553BCB003B}.Release|x86.ActiveCfg = Release|Any CPU
		{CA3E0BC1-FD8E-4E35-B786-B8553BCB003B}.Release|x86.Build.0 = Release|Any CPU
		{718AA569-20FB-496E-A2D6-CD84D5A7AF18}.Debug|Any CPU.ActiveCfg = Debug|Any CPU
		{718AA569-20FB-496E-A2D6-CD84D5A7AF18}.Debug|Any CPU.Build.0 = Debug|Any CPU
		{718AA569-20FB-496E-A2D6-CD84D5A7AF18}.Debug|x64.ActiveCfg = Debug|Any CPU
		{718AA569-20FB-496E-A2D6-CD84D5A7AF18}.Debug|x64.Build.0 = Debug|Any CPU
		{718AA569-20FB-496E-A2D6-CD84D5A7AF18}.Debug|x86.ActiveCfg = Debug|Any CPU
		{718AA569-20FB-496E-A2D6-CD84D5A7AF18}.Debug|x86.Build.0 = Debug|Any CPU
		{718AA569-20FB-496E-A2D6-CD84D5A7AF18}.Release|Any CPU.ActiveCfg = Release|Any CPU
		{718AA569-20FB-496E-A2D6-CD84D5A7AF18}.Release|Any CPU.Build.0 = Release|Any CPU
		{718AA569-20FB-496E-A2D6-CD84D5A7AF18}.Release|x64.ActiveCfg = Release|Any CPU
		{718AA569-20FB-496E-A2D6-CD84D5A7AF18}.Release|x64.Build.0 = Release|Any CPU
		{718AA569-20FB-496E-A2D6-CD84D5A7AF18}.Release|x86.ActiveCfg = Release|Any CPU
		{718AA569-20FB-496E-A2D6-CD84D5A7AF18}.Release|x86.Build.0 = Release|Any CPU
		{0DFF4502-A4E6-4504-9146-C221A1FAAFEB}.Debug|Any CPU.ActiveCfg = Debug|Any CPU
		{0DFF4502-A4E6-4504-9146-C221A1FAAFEB}.Debug|Any CPU.Build.0 = Debug|Any CPU
		{0DFF4502-A4E6-4504-9146-C221A1FAAFEB}.Debug|x64.ActiveCfg = Debug|Any CPU
		{0DFF4502-A4E6-4504-9146-C221A1FAAFEB}.Debug|x64.Build.0 = Debug|Any CPU
		{0DFF4502-A4E6-4504-9146-C221A1FAAFEB}.Debug|x86.ActiveCfg = Debug|Any CPU
		{0DFF4502-A4E6-4504-9146-C221A1FAAFEB}.Debug|x86.Build.0 = Debug|Any CPU
		{0DFF4502-A4E6-4504-9146-C221A1FAAFEB}.Release|Any CPU.ActiveCfg = Release|Any CPU
		{0DFF4502-A4E6-4504-9146-C221A1FAAFEB}.Release|Any CPU.Build.0 = Release|Any CPU
		{0DFF4502-A4E6-4504-9146-C221A1FAAFEB}.Release|x64.ActiveCfg = Release|Any CPU
		{0DFF4502-A4E6-4504-9146-C221A1FAAFEB}.Release|x64.Build.0 = Release|Any CPU
		{0DFF4502-A4E6-4504-9146-C221A1FAAFEB}.Release|x86.ActiveCfg = Release|Any CPU
		{0DFF4502-A4E6-4504-9146-C221A1FAAFEB}.Release|x86.Build.0 = Release|Any CPU
		{18C4699E-5EDA-4547-BA75-7B6C6C2DE687}.Debug|Any CPU.ActiveCfg = Debug|Any CPU
		{18C4699E-5EDA-4547-BA75-7B6C6C2DE687}.Debug|Any CPU.Build.0 = Debug|Any CPU
		{18C4699E-5EDA-4547-BA75-7B6C6C2DE687}.Debug|x64.ActiveCfg = Debug|Any CPU
		{18C4699E-5EDA-4547-BA75-7B6C6C2DE687}.Debug|x64.Build.0 = Debug|Any CPU
		{18C4699E-5EDA-4547-BA75-7B6C6C2DE687}.Debug|x86.ActiveCfg = Debug|Any CPU
		{18C4699E-5EDA-4547-BA75-7B6C6C2DE687}.Debug|x86.Build.0 = Debug|Any CPU
		{18C4699E-5EDA-4547-BA75-7B6C6C2DE687}.Release|Any CPU.ActiveCfg = Release|Any CPU
		{18C4699E-5EDA-4547-BA75-7B6C6C2DE687}.Release|Any CPU.Build.0 = Release|Any CPU
		{18C4699E-5EDA-4547-BA75-7B6C6C2DE687}.Release|x64.ActiveCfg = Release|Any CPU
		{18C4699E-5EDA-4547-BA75-7B6C6C2DE687}.Release|x64.Build.0 = Release|Any CPU
		{18C4699E-5EDA-4547-BA75-7B6C6C2DE687}.Release|x86.ActiveCfg = Release|Any CPU
		{18C4699E-5EDA-4547-BA75-7B6C6C2DE687}.Release|x86.Build.0 = Release|Any CPU
		{DEA16131-8732-47D2-B276-035F091F6E21}.Debug|Any CPU.ActiveCfg = Debug|Any CPU
		{DEA16131-8732-47D2-B276-035F091F6E21}.Debug|Any CPU.Build.0 = Debug|Any CPU
		{DEA16131-8732-47D2-B276-035F091F6E21}.Debug|x64.ActiveCfg = Debug|Any CPU
		{DEA16131-8732-47D2-B276-035F091F6E21}.Debug|x64.Build.0 = Debug|Any CPU
		{DEA16131-8732-47D2-B276-035F091F6E21}.Debug|x86.ActiveCfg = Debug|Any CPU
		{DEA16131-8732-47D2-B276-035F091F6E21}.Debug|x86.Build.0 = Debug|Any CPU
		{DEA16131-8732-47D2-B276-035F091F6E21}.Release|Any CPU.ActiveCfg = Release|Any CPU
		{DEA16131-8732-47D2-B276-035F091F6E21}.Release|Any CPU.Build.0 = Release|Any CPU
		{DEA16131-8732-47D2-B276-035F091F6E21}.Release|x64.ActiveCfg = Release|Any CPU
		{DEA16131-8732-47D2-B276-035F091F6E21}.Release|x64.Build.0 = Release|Any CPU
		{DEA16131-8732-47D2-B276-035F091F6E21}.Release|x86.ActiveCfg = Release|Any CPU
		{DEA16131-8732-47D2-B276-035F091F6E21}.Release|x86.Build.0 = Release|Any CPU
		{9B0D1D65-179C-47E9-BB61-438E2A036B76}.Debug|Any CPU.ActiveCfg = Debug|Any CPU
		{9B0D1D65-179C-47E9-BB61-438E2A036B76}.Debug|Any CPU.Build.0 = Debug|Any CPU
		{9B0D1D65-179C-47E9-BB61-438E2A036B76}.Debug|x64.ActiveCfg = Debug|Any CPU
		{9B0D1D65-179C-47E9-BB61-438E2A036B76}.Debug|x64.Build.0 = Debug|Any CPU
		{9B0D1D65-179C-47E9-BB61-438E2A036B76}.Debug|x86.ActiveCfg = Debug|Any CPU
		{9B0D1D65-179C-47E9-BB61-438E2A036B76}.Debug|x86.Build.0 = Debug|Any CPU
		{9B0D1D65-179C-47E9-BB61-438E2A036B76}.Release|Any CPU.ActiveCfg = Release|Any CPU
		{9B0D1D65-179C-47E9-BB61-438E2A036B76}.Release|Any CPU.Build.0 = Release|Any CPU
		{9B0D1D65-179C-47E9-BB61-438E2A036B76}.Release|x64.ActiveCfg = Release|Any CPU
		{9B0D1D65-179C-47E9-BB61-438E2A036B76}.Release|x64.Build.0 = Release|Any CPU
		{9B0D1D65-179C-47E9-BB61-438E2A036B76}.Release|x86.ActiveCfg = Release|Any CPU
		{9B0D1D65-179C-47E9-BB61-438E2A036B76}.Release|x86.Build.0 = Release|Any CPU
		{CC7F3196-B6C4-41B3-98D8-60188AEC5BE9}.Debug|Any CPU.ActiveCfg = Debug|Any CPU
		{CC7F3196-B6C4-41B3-98D8-60188AEC5BE9}.Debug|Any CPU.Build.0 = Debug|Any CPU
		{CC7F3196-B6C4-41B3-98D8-60188AEC5BE9}.Debug|x64.ActiveCfg = Debug|Any CPU
		{CC7F3196-B6C4-41B3-98D8-60188AEC5BE9}.Debug|x64.Build.0 = Debug|Any CPU
		{CC7F3196-B6C4-41B3-98D8-60188AEC5BE9}.Debug|x86.ActiveCfg = Debug|Any CPU
		{CC7F3196-B6C4-41B3-98D8-60188AEC5BE9}.Debug|x86.Build.0 = Debug|Any CPU
		{CC7F3196-B6C4-41B3-98D8-60188AEC5BE9}.Release|Any CPU.ActiveCfg = Release|Any CPU
		{CC7F3196-B6C4-41B3-98D8-60188AEC5BE9}.Release|Any CPU.Build.0 = Release|Any CPU
		{CC7F3196-B6C4-41B3-98D8-60188AEC5BE9}.Release|x64.ActiveCfg = Release|Any CPU
		{CC7F3196-B6C4-41B3-98D8-60188AEC5BE9}.Release|x64.Build.0 = Release|Any CPU
		{CC7F3196-B6C4-41B3-98D8-60188AEC5BE9}.Release|x86.ActiveCfg = Release|Any CPU
		{CC7F3196-B6C4-41B3-98D8-60188AEC5BE9}.Release|x86.Build.0 = Release|Any CPU
		{4B28A325-5907-476B-867F-8A377BEA50E3}.Debug|Any CPU.ActiveCfg = Debug|Any CPU
		{4B28A325-5907-476B-867F-8A377BEA50E3}.Debug|Any CPU.Build.0 = Debug|Any CPU
		{4B28A325-5907-476B-867F-8A377BEA50E3}.Debug|x64.ActiveCfg = Debug|Any CPU
		{4B28A325-5907-476B-867F-8A377BEA50E3}.Debug|x64.Build.0 = Debug|Any CPU
		{4B28A325-5907-476B-867F-8A377BEA50E3}.Debug|x86.ActiveCfg = Debug|Any CPU
		{4B28A325-5907-476B-867F-8A377BEA50E3}.Debug|x86.Build.0 = Debug|Any CPU
		{4B28A325-5907-476B-867F-8A377BEA50E3}.Release|Any CPU.ActiveCfg = Release|Any CPU
		{4B28A325-5907-476B-867F-8A377BEA50E3}.Release|Any CPU.Build.0 = Release|Any CPU
		{4B28A325-5907-476B-867F-8A377BEA50E3}.Release|x64.ActiveCfg = Release|Any CPU
		{4B28A325-5907-476B-867F-8A377BEA50E3}.Release|x64.Build.0 = Release|Any CPU
		{4B28A325-5907-476B-867F-8A377BEA50E3}.Release|x86.ActiveCfg = Release|Any CPU
		{4B28A325-5907-476B-867F-8A377BEA50E3}.Release|x86.Build.0 = Release|Any CPU
		{A584DDF5-32B4-4FBC-9DEA-FE2914871642}.Debug|Any CPU.ActiveCfg = Debug|Any CPU
		{A584DDF5-32B4-4FBC-9DEA-FE2914871642}.Debug|Any CPU.Build.0 = Debug|Any CPU
		{A584DDF5-32B4-4FBC-9DEA-FE2914871642}.Debug|x64.ActiveCfg = Debug|Any CPU
		{A584DDF5-32B4-4FBC-9DEA-FE2914871642}.Debug|x64.Build.0 = Debug|Any CPU
		{A584DDF5-32B4-4FBC-9DEA-FE2914871642}.Debug|x86.ActiveCfg = Debug|Any CPU
		{A584DDF5-32B4-4FBC-9DEA-FE2914871642}.Debug|x86.Build.0 = Debug|Any CPU
		{A584DDF5-32B4-4FBC-9DEA-FE2914871642}.Release|Any CPU.ActiveCfg = Release|Any CPU
		{A584DDF5-32B4-4FBC-9DEA-FE2914871642}.Release|Any CPU.Build.0 = Release|Any CPU
		{A584DDF5-32B4-4FBC-9DEA-FE2914871642}.Release|x64.ActiveCfg = Release|Any CPU
		{A584DDF5-32B4-4FBC-9DEA-FE2914871642}.Release|x64.Build.0 = Release|Any CPU
		{A584DDF5-32B4-4FBC-9DEA-FE2914871642}.Release|x86.ActiveCfg = Release|Any CPU
		{A584DDF5-32B4-4FBC-9DEA-FE2914871642}.Release|x86.Build.0 = Release|Any CPU
		{9455A059-2B6B-4564-9B19-FD60B934D478}.Debug|Any CPU.ActiveCfg = Debug|Any CPU
		{9455A059-2B6B-4564-9B19-FD60B934D478}.Debug|Any CPU.Build.0 = Debug|Any CPU
		{9455A059-2B6B-4564-9B19-FD60B934D478}.Debug|x64.ActiveCfg = Debug|Any CPU
		{9455A059-2B6B-4564-9B19-FD60B934D478}.Debug|x64.Build.0 = Debug|Any CPU
		{9455A059-2B6B-4564-9B19-FD60B934D478}.Debug|x86.ActiveCfg = Debug|Any CPU
		{9455A059-2B6B-4564-9B19-FD60B934D478}.Debug|x86.Build.0 = Debug|Any CPU
		{9455A059-2B6B-4564-9B19-FD60B934D478}.Release|Any CPU.ActiveCfg = Release|Any CPU
		{9455A059-2B6B-4564-9B19-FD60B934D478}.Release|Any CPU.Build.0 = Release|Any CPU
		{9455A059-2B6B-4564-9B19-FD60B934D478}.Release|x64.ActiveCfg = Release|Any CPU
		{9455A059-2B6B-4564-9B19-FD60B934D478}.Release|x64.Build.0 = Release|Any CPU
		{9455A059-2B6B-4564-9B19-FD60B934D478}.Release|x86.ActiveCfg = Release|Any CPU
		{9455A059-2B6B-4564-9B19-FD60B934D478}.Release|x86.Build.0 = Release|Any CPU
		{6CC0B9FA-434C-4844-8FC8-C127344077E5}.Debug|Any CPU.ActiveCfg = Debug|Any CPU
		{6CC0B9FA-434C-4844-8FC8-C127344077E5}.Debug|Any CPU.Build.0 = Debug|Any CPU
		{6CC0B9FA-434C-4844-8FC8-C127344077E5}.Debug|x64.ActiveCfg = Debug|Any CPU
		{6CC0B9FA-434C-4844-8FC8-C127344077E5}.Debug|x64.Build.0 = Debug|Any CPU
		{6CC0B9FA-434C-4844-8FC8-C127344077E5}.Debug|x86.ActiveCfg = Debug|Any CPU
		{6CC0B9FA-434C-4844-8FC8-C127344077E5}.Debug|x86.Build.0 = Debug|Any CPU
		{6CC0B9FA-434C-4844-8FC8-C127344077E5}.Release|Any CPU.ActiveCfg = Release|Any CPU
		{6CC0B9FA-434C-4844-8FC8-C127344077E5}.Release|Any CPU.Build.0 = Release|Any CPU
		{6CC0B9FA-434C-4844-8FC8-C127344077E5}.Release|x64.ActiveCfg = Release|Any CPU
		{6CC0B9FA-434C-4844-8FC8-C127344077E5}.Release|x64.Build.0 = Release|Any CPU
		{6CC0B9FA-434C-4844-8FC8-C127344077E5}.Release|x86.ActiveCfg = Release|Any CPU
		{6CC0B9FA-434C-4844-8FC8-C127344077E5}.Release|x86.Build.0 = Release|Any CPU
		{53ED09E0-B7FC-41B4-B3BA-E3F5A7B005C7}.Debug|Any CPU.ActiveCfg = Debug|Any CPU
		{53ED09E0-B7FC-41B4-B3BA-E3F5A7B005C7}.Debug|Any CPU.Build.0 = Debug|Any CPU
		{53ED09E0-B7FC-41B4-B3BA-E3F5A7B005C7}.Debug|x64.ActiveCfg = Debug|Any CPU
		{53ED09E0-B7FC-41B4-B3BA-E3F5A7B005C7}.Debug|x64.Build.0 = Debug|Any CPU
		{53ED09E0-B7FC-41B4-B3BA-E3F5A7B005C7}.Debug|x86.ActiveCfg = Debug|Any CPU
		{53ED09E0-B7FC-41B4-B3BA-E3F5A7B005C7}.Debug|x86.Build.0 = Debug|Any CPU
		{53ED09E0-B7FC-41B4-B3BA-E3F5A7B005C7}.Release|Any CPU.ActiveCfg = Release|Any CPU
		{53ED09E0-B7FC-41B4-B3BA-E3F5A7B005C7}.Release|Any CPU.Build.0 = Release|Any CPU
		{53ED09E0-B7FC-41B4-B3BA-E3F5A7B005C7}.Release|x64.ActiveCfg = Release|Any CPU
		{53ED09E0-B7FC-41B4-B3BA-E3F5A7B005C7}.Release|x64.Build.0 = Release|Any CPU
		{53ED09E0-B7FC-41B4-B3BA-E3F5A7B005C7}.Release|x86.ActiveCfg = Release|Any CPU
		{53ED09E0-B7FC-41B4-B3BA-E3F5A7B005C7}.Release|x86.Build.0 = Release|Any CPU
		{D16E3940-0575-4E7B-904D-0246DE5A38B9}.Debug|Any CPU.ActiveCfg = Debug|Any CPU
		{D16E3940-0575-4E7B-904D-0246DE5A38B9}.Debug|Any CPU.Build.0 = Debug|Any CPU
		{D16E3940-0575-4E7B-904D-0246DE5A38B9}.Debug|x64.ActiveCfg = Debug|Any CPU
		{D16E3940-0575-4E7B-904D-0246DE5A38B9}.Debug|x64.Build.0 = Debug|Any CPU
		{D16E3940-0575-4E7B-904D-0246DE5A38B9}.Debug|x86.ActiveCfg = Debug|Any CPU
		{D16E3940-0575-4E7B-904D-0246DE5A38B9}.Debug|x86.Build.0 = Debug|Any CPU
		{D16E3940-0575-4E7B-904D-0246DE5A38B9}.Release|Any CPU.ActiveCfg = Release|Any CPU
		{D16E3940-0575-4E7B-904D-0246DE5A38B9}.Release|Any CPU.Build.0 = Release|Any CPU
		{D16E3940-0575-4E7B-904D-0246DE5A38B9}.Release|x64.ActiveCfg = Release|Any CPU
		{D16E3940-0575-4E7B-904D-0246DE5A38B9}.Release|x64.Build.0 = Release|Any CPU
		{D16E3940-0575-4E7B-904D-0246DE5A38B9}.Release|x86.ActiveCfg = Release|Any CPU
		{D16E3940-0575-4E7B-904D-0246DE5A38B9}.Release|x86.Build.0 = Release|Any CPU
		{F3775D6A-04B7-41C1-B3E6-C4D8200D35A5}.Debug|Any CPU.ActiveCfg = Debug|Any CPU
		{F3775D6A-04B7-41C1-B3E6-C4D8200D35A5}.Debug|Any CPU.Build.0 = Debug|Any CPU
		{F3775D6A-04B7-41C1-B3E6-C4D8200D35A5}.Debug|x64.ActiveCfg = Debug|Any CPU
		{F3775D6A-04B7-41C1-B3E6-C4D8200D35A5}.Debug|x64.Build.0 = Debug|Any CPU
		{F3775D6A-04B7-41C1-B3E6-C4D8200D35A5}.Debug|x86.ActiveCfg = Debug|Any CPU
		{F3775D6A-04B7-41C1-B3E6-C4D8200D35A5}.Debug|x86.Build.0 = Debug|Any CPU
		{F3775D6A-04B7-41C1-B3E6-C4D8200D35A5}.Release|Any CPU.ActiveCfg = Release|Any CPU
		{F3775D6A-04B7-41C1-B3E6-C4D8200D35A5}.Release|Any CPU.Build.0 = Release|Any CPU
		{F3775D6A-04B7-41C1-B3E6-C4D8200D35A5}.Release|x64.ActiveCfg = Release|Any CPU
		{F3775D6A-04B7-41C1-B3E6-C4D8200D35A5}.Release|x64.Build.0 = Release|Any CPU
		{F3775D6A-04B7-41C1-B3E6-C4D8200D35A5}.Release|x86.ActiveCfg = Release|Any CPU
		{F3775D6A-04B7-41C1-B3E6-C4D8200D35A5}.Release|x86.Build.0 = Release|Any CPU
		{1337D1F7-0B0C-49D6-8153-AEE90D67DC17}.Debug|Any CPU.ActiveCfg = Debug|Any CPU
		{1337D1F7-0B0C-49D6-8153-AEE90D67DC17}.Debug|Any CPU.Build.0 = Debug|Any CPU
		{1337D1F7-0B0C-49D6-8153-AEE90D67DC17}.Debug|x64.ActiveCfg = Debug|Any CPU
		{1337D1F7-0B0C-49D6-8153-AEE90D67DC17}.Debug|x64.Build.0 = Debug|Any CPU
		{1337D1F7-0B0C-49D6-8153-AEE90D67DC17}.Debug|x86.ActiveCfg = Debug|Any CPU
		{1337D1F7-0B0C-49D6-8153-AEE90D67DC17}.Debug|x86.Build.0 = Debug|Any CPU
		{1337D1F7-0B0C-49D6-8153-AEE90D67DC17}.Release|Any CPU.ActiveCfg = Release|Any CPU
		{1337D1F7-0B0C-49D6-8153-AEE90D67DC17}.Release|Any CPU.Build.0 = Release|Any CPU
		{1337D1F7-0B0C-49D6-8153-AEE90D67DC17}.Release|x64.ActiveCfg = Release|Any CPU
		{1337D1F7-0B0C-49D6-8153-AEE90D67DC17}.Release|x64.Build.0 = Release|Any CPU
		{1337D1F7-0B0C-49D6-8153-AEE90D67DC17}.Release|x86.ActiveCfg = Release|Any CPU
		{1337D1F7-0B0C-49D6-8153-AEE90D67DC17}.Release|x86.Build.0 = Release|Any CPU
		{D86FC5B7-A4D7-4F64-B1AF-E140759B32BB}.Debug|Any CPU.ActiveCfg = Debug|Any CPU
		{D86FC5B7-A4D7-4F64-B1AF-E140759B32BB}.Debug|Any CPU.Build.0 = Debug|Any CPU
		{D86FC5B7-A4D7-4F64-B1AF-E140759B32BB}.Debug|x64.ActiveCfg = Debug|Any CPU
		{D86FC5B7-A4D7-4F64-B1AF-E140759B32BB}.Debug|x64.Build.0 = Debug|Any CPU
		{D86FC5B7-A4D7-4F64-B1AF-E140759B32BB}.Debug|x86.ActiveCfg = Debug|Any CPU
		{D86FC5B7-A4D7-4F64-B1AF-E140759B32BB}.Debug|x86.Build.0 = Debug|Any CPU
		{D86FC5B7-A4D7-4F64-B1AF-E140759B32BB}.Release|Any CPU.ActiveCfg = Release|Any CPU
		{D86FC5B7-A4D7-4F64-B1AF-E140759B32BB}.Release|Any CPU.Build.0 = Release|Any CPU
		{D86FC5B7-A4D7-4F64-B1AF-E140759B32BB}.Release|x64.ActiveCfg = Release|Any CPU
		{D86FC5B7-A4D7-4F64-B1AF-E140759B32BB}.Release|x64.Build.0 = Release|Any CPU
		{D86FC5B7-A4D7-4F64-B1AF-E140759B32BB}.Release|x86.ActiveCfg = Release|Any CPU
		{D86FC5B7-A4D7-4F64-B1AF-E140759B32BB}.Release|x86.Build.0 = Release|Any CPU
		{C9150240-7E32-4465-9B00-21C5E51A1D0C}.Debug|Any CPU.ActiveCfg = Debug|Any CPU
		{C9150240-7E32-4465-9B00-21C5E51A1D0C}.Debug|Any CPU.Build.0 = Debug|Any CPU
		{C9150240-7E32-4465-9B00-21C5E51A1D0C}.Debug|x64.ActiveCfg = Debug|Any CPU
		{C9150240-7E32-4465-9B00-21C5E51A1D0C}.Debug|x64.Build.0 = Debug|Any CPU
		{C9150240-7E32-4465-9B00-21C5E51A1D0C}.Debug|x86.ActiveCfg = Debug|Any CPU
		{C9150240-7E32-4465-9B00-21C5E51A1D0C}.Debug|x86.Build.0 = Debug|Any CPU
		{C9150240-7E32-4465-9B00-21C5E51A1D0C}.Release|Any CPU.ActiveCfg = Release|Any CPU
		{C9150240-7E32-4465-9B00-21C5E51A1D0C}.Release|Any CPU.Build.0 = Release|Any CPU
		{C9150240-7E32-4465-9B00-21C5E51A1D0C}.Release|x64.ActiveCfg = Release|Any CPU
		{C9150240-7E32-4465-9B00-21C5E51A1D0C}.Release|x64.Build.0 = Release|Any CPU
		{C9150240-7E32-4465-9B00-21C5E51A1D0C}.Release|x86.ActiveCfg = Release|Any CPU
		{C9150240-7E32-4465-9B00-21C5E51A1D0C}.Release|x86.Build.0 = Release|Any CPU
		{DC98D8CA-EAD5-426E-9761-1849ED51FC9F}.Debug|Any CPU.ActiveCfg = Debug|Any CPU
		{DC98D8CA-EAD5-426E-9761-1849ED51FC9F}.Debug|Any CPU.Build.0 = Debug|Any CPU
		{DC98D8CA-EAD5-426E-9761-1849ED51FC9F}.Debug|x64.ActiveCfg = Debug|Any CPU
		{DC98D8CA-EAD5-426E-9761-1849ED51FC9F}.Debug|x64.Build.0 = Debug|Any CPU
		{DC98D8CA-EAD5-426E-9761-1849ED51FC9F}.Debug|x86.ActiveCfg = Debug|Any CPU
		{DC98D8CA-EAD5-426E-9761-1849ED51FC9F}.Debug|x86.Build.0 = Debug|Any CPU
		{DC98D8CA-EAD5-426E-9761-1849ED51FC9F}.Release|Any CPU.ActiveCfg = Release|Any CPU
		{DC98D8CA-EAD5-426E-9761-1849ED51FC9F}.Release|Any CPU.Build.0 = Release|Any CPU
		{DC98D8CA-EAD5-426E-9761-1849ED51FC9F}.Release|x64.ActiveCfg = Release|Any CPU
		{DC98D8CA-EAD5-426E-9761-1849ED51FC9F}.Release|x64.Build.0 = Release|Any CPU
		{DC98D8CA-EAD5-426E-9761-1849ED51FC9F}.Release|x86.ActiveCfg = Release|Any CPU
		{DC98D8CA-EAD5-426E-9761-1849ED51FC9F}.Release|x86.Build.0 = Release|Any CPU
		{8AE3AF4C-3A80-445C-BE22-AF9E0D1BA182}.Debug|Any CPU.ActiveCfg = Debug|Any CPU
		{8AE3AF4C-3A80-445C-BE22-AF9E0D1BA182}.Debug|Any CPU.Build.0 = Debug|Any CPU
		{8AE3AF4C-3A80-445C-BE22-AF9E0D1BA182}.Debug|x64.ActiveCfg = Debug|Any CPU
		{8AE3AF4C-3A80-445C-BE22-AF9E0D1BA182}.Debug|x64.Build.0 = Debug|Any CPU
		{8AE3AF4C-3A80-445C-BE22-AF9E0D1BA182}.Debug|x86.ActiveCfg = Debug|Any CPU
		{8AE3AF4C-3A80-445C-BE22-AF9E0D1BA182}.Debug|x86.Build.0 = Debug|Any CPU
		{8AE3AF4C-3A80-445C-BE22-AF9E0D1BA182}.Release|Any CPU.ActiveCfg = Release|Any CPU
		{8AE3AF4C-3A80-445C-BE22-AF9E0D1BA182}.Release|Any CPU.Build.0 = Release|Any CPU
		{8AE3AF4C-3A80-445C-BE22-AF9E0D1BA182}.Release|x64.ActiveCfg = Release|Any CPU
		{8AE3AF4C-3A80-445C-BE22-AF9E0D1BA182}.Release|x64.Build.0 = Release|Any CPU
		{8AE3AF4C-3A80-445C-BE22-AF9E0D1BA182}.Release|x86.ActiveCfg = Release|Any CPU
		{8AE3AF4C-3A80-445C-BE22-AF9E0D1BA182}.Release|x86.Build.0 = Release|Any CPU
		{B331025B-1308-4149-ACF5-354F3F38CD7E}.Debug|Any CPU.ActiveCfg = Debug|Any CPU
		{B331025B-1308-4149-ACF5-354F3F38CD7E}.Debug|Any CPU.Build.0 = Debug|Any CPU
		{B331025B-1308-4149-ACF5-354F3F38CD7E}.Debug|x64.ActiveCfg = Debug|Any CPU
		{B331025B-1308-4149-ACF5-354F3F38CD7E}.Debug|x64.Build.0 = Debug|Any CPU
		{B331025B-1308-4149-ACF5-354F3F38CD7E}.Debug|x86.ActiveCfg = Debug|Any CPU
		{B331025B-1308-4149-ACF5-354F3F38CD7E}.Debug|x86.Build.0 = Debug|Any CPU
		{B331025B-1308-4149-ACF5-354F3F38CD7E}.Release|Any CPU.ActiveCfg = Release|Any CPU
		{B331025B-1308-4149-ACF5-354F3F38CD7E}.Release|Any CPU.Build.0 = Release|Any CPU
		{B331025B-1308-4149-ACF5-354F3F38CD7E}.Release|x64.ActiveCfg = Release|Any CPU
		{B331025B-1308-4149-ACF5-354F3F38CD7E}.Release|x64.Build.0 = Release|Any CPU
		{B331025B-1308-4149-ACF5-354F3F38CD7E}.Release|x86.ActiveCfg = Release|Any CPU
		{B331025B-1308-4149-ACF5-354F3F38CD7E}.Release|x86.Build.0 = Release|Any CPU
		{73126FCE-A2D2-4F13-9506-470E8B36BEFB}.Debug|Any CPU.ActiveCfg = Debug|Any CPU
		{73126FCE-A2D2-4F13-9506-470E8B36BEFB}.Debug|Any CPU.Build.0 = Debug|Any CPU
		{73126FCE-A2D2-4F13-9506-470E8B36BEFB}.Debug|x64.ActiveCfg = Debug|Any CPU
		{73126FCE-A2D2-4F13-9506-470E8B36BEFB}.Debug|x64.Build.0 = Debug|Any CPU
		{73126FCE-A2D2-4F13-9506-470E8B36BEFB}.Debug|x86.ActiveCfg = Debug|Any CPU
		{73126FCE-A2D2-4F13-9506-470E8B36BEFB}.Debug|x86.Build.0 = Debug|Any CPU
		{73126FCE-A2D2-4F13-9506-470E8B36BEFB}.Release|Any CPU.ActiveCfg = Release|Any CPU
		{73126FCE-A2D2-4F13-9506-470E8B36BEFB}.Release|Any CPU.Build.0 = Release|Any CPU
		{73126FCE-A2D2-4F13-9506-470E8B36BEFB}.Release|x64.ActiveCfg = Release|Any CPU
		{73126FCE-A2D2-4F13-9506-470E8B36BEFB}.Release|x64.Build.0 = Release|Any CPU
		{73126FCE-A2D2-4F13-9506-470E8B36BEFB}.Release|x86.ActiveCfg = Release|Any CPU
		{73126FCE-A2D2-4F13-9506-470E8B36BEFB}.Release|x86.Build.0 = Release|Any CPU
		{61CEA9C1-B5B8-45C4-AC44-0CB9ADD87360}.Debug|Any CPU.ActiveCfg = Debug|Any CPU
		{61CEA9C1-B5B8-45C4-AC44-0CB9ADD87360}.Debug|Any CPU.Build.0 = Debug|Any CPU
		{61CEA9C1-B5B8-45C4-AC44-0CB9ADD87360}.Debug|x64.ActiveCfg = Debug|Any CPU
		{61CEA9C1-B5B8-45C4-AC44-0CB9ADD87360}.Debug|x64.Build.0 = Debug|Any CPU
		{61CEA9C1-B5B8-45C4-AC44-0CB9ADD87360}.Debug|x86.ActiveCfg = Debug|Any CPU
		{61CEA9C1-B5B8-45C4-AC44-0CB9ADD87360}.Debug|x86.Build.0 = Debug|Any CPU
		{61CEA9C1-B5B8-45C4-AC44-0CB9ADD87360}.Release|Any CPU.ActiveCfg = Release|Any CPU
		{61CEA9C1-B5B8-45C4-AC44-0CB9ADD87360}.Release|Any CPU.Build.0 = Release|Any CPU
		{61CEA9C1-B5B8-45C4-AC44-0CB9ADD87360}.Release|x64.ActiveCfg = Release|Any CPU
		{61CEA9C1-B5B8-45C4-AC44-0CB9ADD87360}.Release|x64.Build.0 = Release|Any CPU
		{61CEA9C1-B5B8-45C4-AC44-0CB9ADD87360}.Release|x86.ActiveCfg = Release|Any CPU
		{61CEA9C1-B5B8-45C4-AC44-0CB9ADD87360}.Release|x86.Build.0 = Release|Any CPU
		{8F699ADA-0EEA-47C2-B2C4-359B94F1EC15}.Debug|Any CPU.ActiveCfg = Debug|Any CPU
		{8F699ADA-0EEA-47C2-B2C4-359B94F1EC15}.Debug|Any CPU.Build.0 = Debug|Any CPU
		{8F699ADA-0EEA-47C2-B2C4-359B94F1EC15}.Debug|x64.ActiveCfg = Debug|Any CPU
		{8F699ADA-0EEA-47C2-B2C4-359B94F1EC15}.Debug|x64.Build.0 = Debug|Any CPU
		{8F699ADA-0EEA-47C2-B2C4-359B94F1EC15}.Debug|x86.ActiveCfg = Debug|Any CPU
		{8F699ADA-0EEA-47C2-B2C4-359B94F1EC15}.Debug|x86.Build.0 = Debug|Any CPU
		{8F699ADA-0EEA-47C2-B2C4-359B94F1EC15}.Release|Any CPU.ActiveCfg = Release|Any CPU
		{8F699ADA-0EEA-47C2-B2C4-359B94F1EC15}.Release|Any CPU.Build.0 = Release|Any CPU
		{8F699ADA-0EEA-47C2-B2C4-359B94F1EC15}.Release|x64.ActiveCfg = Release|Any CPU
		{8F699ADA-0EEA-47C2-B2C4-359B94F1EC15}.Release|x64.Build.0 = Release|Any CPU
		{8F699ADA-0EEA-47C2-B2C4-359B94F1EC15}.Release|x86.ActiveCfg = Release|Any CPU
		{8F699ADA-0EEA-47C2-B2C4-359B94F1EC15}.Release|x86.Build.0 = Release|Any CPU
		{93515F3C-DDF2-409A-A06F-70338C59887C}.Debug|Any CPU.ActiveCfg = Debug|Any CPU
		{93515F3C-DDF2-409A-A06F-70338C59887C}.Debug|Any CPU.Build.0 = Debug|Any CPU
		{93515F3C-DDF2-409A-A06F-70338C59887C}.Debug|x64.ActiveCfg = Debug|Any CPU
		{93515F3C-DDF2-409A-A06F-70338C59887C}.Debug|x64.Build.0 = Debug|Any CPU
		{93515F3C-DDF2-409A-A06F-70338C59887C}.Debug|x86.ActiveCfg = Debug|Any CPU
		{93515F3C-DDF2-409A-A06F-70338C59887C}.Debug|x86.Build.0 = Debug|Any CPU
		{93515F3C-DDF2-409A-A06F-70338C59887C}.Release|Any CPU.ActiveCfg = Release|Any CPU
		{93515F3C-DDF2-409A-A06F-70338C59887C}.Release|Any CPU.Build.0 = Release|Any CPU
		{93515F3C-DDF2-409A-A06F-70338C59887C}.Release|x64.ActiveCfg = Release|Any CPU
		{93515F3C-DDF2-409A-A06F-70338C59887C}.Release|x64.Build.0 = Release|Any CPU
		{93515F3C-DDF2-409A-A06F-70338C59887C}.Release|x86.ActiveCfg = Release|Any CPU
		{93515F3C-DDF2-409A-A06F-70338C59887C}.Release|x86.Build.0 = Release|Any CPU
		{6D861D4E-3401-40E1-9FCE-52A6C101B0E9}.Debug|Any CPU.ActiveCfg = Debug|Any CPU
		{6D861D4E-3401-40E1-9FCE-52A6C101B0E9}.Debug|Any CPU.Build.0 = Debug|Any CPU
		{6D861D4E-3401-40E1-9FCE-52A6C101B0E9}.Debug|x64.ActiveCfg = Debug|Any CPU
		{6D861D4E-3401-40E1-9FCE-52A6C101B0E9}.Debug|x64.Build.0 = Debug|Any CPU
		{6D861D4E-3401-40E1-9FCE-52A6C101B0E9}.Debug|x86.ActiveCfg = Debug|Any CPU
		{6D861D4E-3401-40E1-9FCE-52A6C101B0E9}.Debug|x86.Build.0 = Debug|Any CPU
		{6D861D4E-3401-40E1-9FCE-52A6C101B0E9}.Release|Any CPU.ActiveCfg = Release|Any CPU
		{6D861D4E-3401-40E1-9FCE-52A6C101B0E9}.Release|Any CPU.Build.0 = Release|Any CPU
		{6D861D4E-3401-40E1-9FCE-52A6C101B0E9}.Release|x64.ActiveCfg = Release|Any CPU
		{6D861D4E-3401-40E1-9FCE-52A6C101B0E9}.Release|x64.Build.0 = Release|Any CPU
		{6D861D4E-3401-40E1-9FCE-52A6C101B0E9}.Release|x86.ActiveCfg = Release|Any CPU
		{6D861D4E-3401-40E1-9FCE-52A6C101B0E9}.Release|x86.Build.0 = Release|Any CPU
		{ECF3EDFC-4B31-4B95-ABE7-E1F76844083D}.Debug|Any CPU.ActiveCfg = Debug|Any CPU
		{ECF3EDFC-4B31-4B95-ABE7-E1F76844083D}.Debug|Any CPU.Build.0 = Debug|Any CPU
		{ECF3EDFC-4B31-4B95-ABE7-E1F76844083D}.Debug|x64.ActiveCfg = Debug|Any CPU
		{ECF3EDFC-4B31-4B95-ABE7-E1F76844083D}.Debug|x64.Build.0 = Debug|Any CPU
		{ECF3EDFC-4B31-4B95-ABE7-E1F76844083D}.Debug|x86.ActiveCfg = Debug|Any CPU
		{ECF3EDFC-4B31-4B95-ABE7-E1F76844083D}.Debug|x86.Build.0 = Debug|Any CPU
		{ECF3EDFC-4B31-4B95-ABE7-E1F76844083D}.Release|Any CPU.ActiveCfg = Release|Any CPU
		{ECF3EDFC-4B31-4B95-ABE7-E1F76844083D}.Release|Any CPU.Build.0 = Release|Any CPU
		{ECF3EDFC-4B31-4B95-ABE7-E1F76844083D}.Release|x64.ActiveCfg = Release|Any CPU
		{ECF3EDFC-4B31-4B95-ABE7-E1F76844083D}.Release|x64.Build.0 = Release|Any CPU
		{ECF3EDFC-4B31-4B95-ABE7-E1F76844083D}.Release|x86.ActiveCfg = Release|Any CPU
		{ECF3EDFC-4B31-4B95-ABE7-E1F76844083D}.Release|x86.Build.0 = Release|Any CPU
		{53222F39-66B4-429F-9876-FE1E4BE5885D}.Debug|Any CPU.ActiveCfg = Debug|Any CPU
		{53222F39-66B4-429F-9876-FE1E4BE5885D}.Debug|Any CPU.Build.0 = Debug|Any CPU
		{53222F39-66B4-429F-9876-FE1E4BE5885D}.Debug|x64.ActiveCfg = Debug|Any CPU
		{53222F39-66B4-429F-9876-FE1E4BE5885D}.Debug|x64.Build.0 = Debug|Any CPU
		{53222F39-66B4-429F-9876-FE1E4BE5885D}.Debug|x86.ActiveCfg = Debug|Any CPU
		{53222F39-66B4-429F-9876-FE1E4BE5885D}.Debug|x86.Build.0 = Debug|Any CPU
		{53222F39-66B4-429F-9876-FE1E4BE5885D}.Release|Any CPU.ActiveCfg = Release|Any CPU
		{53222F39-66B4-429F-9876-FE1E4BE5885D}.Release|Any CPU.Build.0 = Release|Any CPU
		{53222F39-66B4-429F-9876-FE1E4BE5885D}.Release|x64.ActiveCfg = Release|Any CPU
		{53222F39-66B4-429F-9876-FE1E4BE5885D}.Release|x64.Build.0 = Release|Any CPU
		{53222F39-66B4-429F-9876-FE1E4BE5885D}.Release|x86.ActiveCfg = Release|Any CPU
		{53222F39-66B4-429F-9876-FE1E4BE5885D}.Release|x86.Build.0 = Release|Any CPU
		{7A01AE36-AE6F-44EE-B5B6-B7C6FC56B8C1}.Debug|Any CPU.ActiveCfg = Debug|Any CPU
		{7A01AE36-AE6F-44EE-B5B6-B7C6FC56B8C1}.Debug|Any CPU.Build.0 = Debug|Any CPU
		{7A01AE36-AE6F-44EE-B5B6-B7C6FC56B8C1}.Debug|x64.ActiveCfg = Debug|Any CPU
		{7A01AE36-AE6F-44EE-B5B6-B7C6FC56B8C1}.Debug|x64.Build.0 = Debug|Any CPU
		{7A01AE36-AE6F-44EE-B5B6-B7C6FC56B8C1}.Debug|x86.ActiveCfg = Debug|Any CPU
		{7A01AE36-AE6F-44EE-B5B6-B7C6FC56B8C1}.Debug|x86.Build.0 = Debug|Any CPU
		{7A01AE36-AE6F-44EE-B5B6-B7C6FC56B8C1}.Release|Any CPU.ActiveCfg = Release|Any CPU
		{7A01AE36-AE6F-44EE-B5B6-B7C6FC56B8C1}.Release|Any CPU.Build.0 = Release|Any CPU
		{7A01AE36-AE6F-44EE-B5B6-B7C6FC56B8C1}.Release|x64.ActiveCfg = Release|Any CPU
		{7A01AE36-AE6F-44EE-B5B6-B7C6FC56B8C1}.Release|x64.Build.0 = Release|Any CPU
		{7A01AE36-AE6F-44EE-B5B6-B7C6FC56B8C1}.Release|x86.ActiveCfg = Release|Any CPU
		{7A01AE36-AE6F-44EE-B5B6-B7C6FC56B8C1}.Release|x86.Build.0 = Release|Any CPU
		{5B2B6054-1BCB-4135-B0E1-F4B6C59ECE10}.Debug|Any CPU.ActiveCfg = Debug|Any CPU
		{5B2B6054-1BCB-4135-B0E1-F4B6C59ECE10}.Debug|Any CPU.Build.0 = Debug|Any CPU
		{5B2B6054-1BCB-4135-B0E1-F4B6C59ECE10}.Debug|x64.ActiveCfg = Debug|Any CPU
		{5B2B6054-1BCB-4135-B0E1-F4B6C59ECE10}.Debug|x64.Build.0 = Debug|Any CPU
		{5B2B6054-1BCB-4135-B0E1-F4B6C59ECE10}.Debug|x86.ActiveCfg = Debug|Any CPU
		{5B2B6054-1BCB-4135-B0E1-F4B6C59ECE10}.Debug|x86.Build.0 = Debug|Any CPU
		{5B2B6054-1BCB-4135-B0E1-F4B6C59ECE10}.Release|Any CPU.ActiveCfg = Release|Any CPU
		{5B2B6054-1BCB-4135-B0E1-F4B6C59ECE10}.Release|Any CPU.Build.0 = Release|Any CPU
		{5B2B6054-1BCB-4135-B0E1-F4B6C59ECE10}.Release|x64.ActiveCfg = Release|Any CPU
		{5B2B6054-1BCB-4135-B0E1-F4B6C59ECE10}.Release|x64.Build.0 = Release|Any CPU
		{5B2B6054-1BCB-4135-B0E1-F4B6C59ECE10}.Release|x86.ActiveCfg = Release|Any CPU
		{5B2B6054-1BCB-4135-B0E1-F4B6C59ECE10}.Release|x86.Build.0 = Release|Any CPU
		{9E6C1313-AF90-4D26-B185-734833939643}.Debug|Any CPU.ActiveCfg = Debug|Any CPU
		{9E6C1313-AF90-4D26-B185-734833939643}.Debug|Any CPU.Build.0 = Debug|Any CPU
		{9E6C1313-AF90-4D26-B185-734833939643}.Debug|x64.ActiveCfg = Debug|Any CPU
		{9E6C1313-AF90-4D26-B185-734833939643}.Debug|x64.Build.0 = Debug|Any CPU
		{9E6C1313-AF90-4D26-B185-734833939643}.Debug|x86.ActiveCfg = Debug|Any CPU
		{9E6C1313-AF90-4D26-B185-734833939643}.Debug|x86.Build.0 = Debug|Any CPU
		{9E6C1313-AF90-4D26-B185-734833939643}.Release|Any CPU.ActiveCfg = Release|Any CPU
		{9E6C1313-AF90-4D26-B185-734833939643}.Release|Any CPU.Build.0 = Release|Any CPU
		{9E6C1313-AF90-4D26-B185-734833939643}.Release|x64.ActiveCfg = Release|Any CPU
		{9E6C1313-AF90-4D26-B185-734833939643}.Release|x64.Build.0 = Release|Any CPU
		{9E6C1313-AF90-4D26-B185-734833939643}.Release|x86.ActiveCfg = Release|Any CPU
		{9E6C1313-AF90-4D26-B185-734833939643}.Release|x86.Build.0 = Release|Any CPU
		{79F6699F-EDFE-4EDB-B27C-530A1FDD4888}.Debug|Any CPU.ActiveCfg = Debug|Any CPU
		{79F6699F-EDFE-4EDB-B27C-530A1FDD4888}.Debug|Any CPU.Build.0 = Debug|Any CPU
		{79F6699F-EDFE-4EDB-B27C-530A1FDD4888}.Debug|x64.ActiveCfg = Debug|Any CPU
		{79F6699F-EDFE-4EDB-B27C-530A1FDD4888}.Debug|x64.Build.0 = Debug|Any CPU
		{79F6699F-EDFE-4EDB-B27C-530A1FDD4888}.Debug|x86.ActiveCfg = Debug|Any CPU
		{79F6699F-EDFE-4EDB-B27C-530A1FDD4888}.Debug|x86.Build.0 = Debug|Any CPU
		{79F6699F-EDFE-4EDB-B27C-530A1FDD4888}.Release|Any CPU.ActiveCfg = Release|Any CPU
		{79F6699F-EDFE-4EDB-B27C-530A1FDD4888}.Release|Any CPU.Build.0 = Release|Any CPU
		{79F6699F-EDFE-4EDB-B27C-530A1FDD4888}.Release|x64.ActiveCfg = Release|Any CPU
		{79F6699F-EDFE-4EDB-B27C-530A1FDD4888}.Release|x64.Build.0 = Release|Any CPU
		{79F6699F-EDFE-4EDB-B27C-530A1FDD4888}.Release|x86.ActiveCfg = Release|Any CPU
		{79F6699F-EDFE-4EDB-B27C-530A1FDD4888}.Release|x86.Build.0 = Release|Any CPU
	EndGlobalSection
	GlobalSection(SolutionProperties) = preSolution
		HideSolutionNode = FALSE
	EndGlobalSection
	GlobalSection(NestedProjects) = preSolution
		{9F1D174B-24C9-48DC-8C65-4DCD500908A8} = {8E91D3F9-6643-5310-DD7C-A253A2276CBC}
		{36A6DE4A-FD4A-ED50-0EED-0B390E2EC5B2} = {9F1D174B-24C9-48DC-8C65-4DCD500908A8}
		{CA3E0BC1-FD8E-4E35-B786-B8553BCB003B} = {8E91D3F9-6643-5310-DD7C-A253A2276CBC}
		{718AA569-20FB-496E-A2D6-CD84D5A7AF18} = {8E91D3F9-6643-5310-DD7C-A253A2276CBC}
		{0DFF4502-A4E6-4504-9146-C221A1FAAFEB} = {8E91D3F9-6643-5310-DD7C-A253A2276CBC}
		{18C4699E-5EDA-4547-BA75-7B6C6C2DE687} = {3EF50B49-F759-C5B2-88A2-ECD07D3E2814}
		{DEA16131-8732-47D2-B276-035F091F6E21} = {3EF50B49-F759-C5B2-88A2-ECD07D3E2814}
		{9B0D1D65-179C-47E9-BB61-438E2A036B76} = {3EF50B49-F759-C5B2-88A2-ECD07D3E2814}
		{CC7F3196-B6C4-41B3-98D8-60188AEC5BE9} = {3EF50B49-F759-C5B2-88A2-ECD07D3E2814}
		{4B28A325-5907-476B-867F-8A377BEA50E3} = {3EF50B49-F759-C5B2-88A2-ECD07D3E2814}
		{A584DDF5-32B4-4FBC-9DEA-FE2914871642} = {3EF50B49-F759-C5B2-88A2-ECD07D3E2814}
		{9455A059-2B6B-4564-9B19-FD60B934D478} = {3EF50B49-F759-C5B2-88A2-ECD07D3E2814}
		{6CC0B9FA-434C-4844-8FC8-C127344077E5} = {1F03BFE5-AF94-28A2-7119-43DEEC46D212}
		{53ED09E0-B7FC-41B4-B3BA-E3F5A7B005C7} = {1F03BFE5-AF94-28A2-7119-43DEEC46D212}
		{D16E3940-0575-4E7B-904D-0246DE5A38B9} = {1F03BFE5-AF94-28A2-7119-43DEEC46D212}
		{F3775D6A-04B7-41C1-B3E6-C4D8200D35A5} = {1F03BFE5-AF94-28A2-7119-43DEEC46D212}
		{1337D1F7-0B0C-49D6-8153-AEE90D67DC17} = {1F03BFE5-AF94-28A2-7119-43DEEC46D212}
		{D86FC5B7-A4D7-4F64-B1AF-E140759B32BB} = {1F03BFE5-AF94-28A2-7119-43DEEC46D212}
		{C9150240-7E32-4465-9B00-21C5E51A1D0C} = {1F03BFE5-AF94-28A2-7119-43DEEC46D212}
		{DC98D8CA-EAD5-426E-9761-1849ED51FC9F} = {8A62E642-3738-72EF-38A2-CA6CA354DC2F}
		{8AE3AF4C-3A80-445C-BE22-AF9E0D1BA182} = {8A62E642-3738-72EF-38A2-CA6CA354DC2F}
		{B331025B-1308-4149-ACF5-354F3F38CD7E} = {8A62E642-3738-72EF-38A2-CA6CA354DC2F}
		{73126FCE-A2D2-4F13-9506-470E8B36BEFB} = {8A62E642-3738-72EF-38A2-CA6CA354DC2F}
		{61CEA9C1-B5B8-45C4-AC44-0CB9ADD87360} = {8A62E642-3738-72EF-38A2-CA6CA354DC2F}
		{8F699ADA-0EEA-47C2-B2C4-359B94F1EC15} = {8A62E642-3738-72EF-38A2-CA6CA354DC2F}
		{93515F3C-DDF2-409A-A06F-70338C59887C} = {8A62E642-3738-72EF-38A2-CA6CA354DC2F}
		{6D861D4E-3401-40E1-9FCE-52A6C101B0E9} = {8A62E642-3738-72EF-38A2-CA6CA354DC2F}
		{ECF3EDFC-4B31-4B95-ABE7-E1F76844083D} = {ED644C63-C028-491A-688C-21F4832B874B}
		{53222F39-66B4-429F-9876-FE1E4BE5885D} = {ED644C63-C028-491A-688C-21F4832B874B}
		{7A01AE36-AE6F-44EE-B5B6-B7C6FC56B8C1} = {ED644C63-C028-491A-688C-21F4832B874B}
		{5B2B6054-1BCB-4135-B0E1-F4B6C59ECE10} = {ED644C63-C028-491A-688C-21F4832B874B}
		{9E6C1313-AF90-4D26-B185-734833939643} = {ED644C63-C028-491A-688C-21F4832B874B}
		{79F6699F-EDFE-4EDB-B27C-530A1FDD4888} = {ED644C63-C028-491A-688C-21F4832B874B}
	EndGlobalSection
	GlobalSection(ExtensibilityGlobals) = postSolution
		SolutionGuid = {4550BF05-1F6F-421D-8737-397CCB901517}
	EndGlobalSection
EndGlobal
